// !$*UTF8*$!
{
	archiveVersion = 1;
	classes = {
	};
	objectVersion = 77;
	objects = {

/* Begin PBXBuildFile section */
		B4167E552F1FE2D800D89B36 /* SnapshotEvent.swift in Sources */ = {isa = PBXBuildFile; fileRef = B4167E532F1FE2D800D89B36 /* SnapshotEvent.swift */; };
		B4167E582F1FE2D800D89B36 /* SnapshotEvent.swift in Sources */ = {isa = PBXBuildFile; fileRef = B4167E532F1FE2D800D89B36 /* SnapshotEvent.swift */; };
		B4167E5C2F1FE73400D89B36 /* SnapshotEventType.swift in Sources */ = {isa = PBXBuildFile; fileRef = B4167E5B2F1FE73400D89B36 /* SnapshotEventType.swift */; };
		B4167E5D2F1FE73400D89B36 /* SnapshotEventType.swift in Sources */ = {isa = PBXBuildFile; fileRef = B4167E5B2F1FE73400D89B36 /* SnapshotEventType.swift */; };
		B4167E5F2F1FEF4E00D89B36 /* SnapshotStore.swift in Sources */ = {isa = PBXBuildFile; fileRef = B4167E5E2F1FEF4E00D89B36 /* SnapshotStore.swift */; };
		B4167E602F1FEF4E00D89B36 /* SnapshotStore.swift in Sources */ = {isa = PBXBuildFile; fileRef = B4167E5E2F1FEF4E00D89B36 /* SnapshotStore.swift */; };
		B4167E612F1FF91200D89B36 /* SnapshotEventType.swift in Sources */ = {isa = PBXBuildFile; fileRef = B4167E5B2F1FE73400D89B36 /* SnapshotEventType.swift */; };
		B4167E622F1FF91800D89B36 /* SnapshotEvent.swift in Sources */ = {isa = PBXBuildFile; fileRef = B4167E532F1FE2D800D89B36 /* SnapshotEvent.swift */; };
		B4167E632F1FF92500D89B36 /* SnapshotStore.swift in Sources */ = {isa = PBXBuildFile; fileRef = B4167E5E2F1FEF4E00D89B36 /* SnapshotStore.swift */; };
		B4167E652F1FF93800D89B36 /* SnapshotLogging.swift in Sources */ = {isa = PBXBuildFile; fileRef = B4167E642F1FF93800D89B36 /* SnapshotLogging.swift */; };
		B451D20A2F24C74F004C534F /* WindLevel.swift in Sources */ = {isa = PBXBuildFile; fileRef = B49387952F0E428B0090C730 /* WindLevel.swift */; };
		B451D20B2F24C78E004C534F /* WindLevel.swift in Sources */ = {isa = PBXBuildFile; fileRef = B49387952F0E428B0090C730 /* WindLevel.swift */; };
		B451D20C2F24C78E004C534F /* WindLevel.swift in Sources */ = {isa = PBXBuildFile; fileRef = B49387952F0E428B0090C730 /* WindLevel.swift */; };
		B451D20E2F24FEF0004C534F /* ExtensionLogger.swift in Sources */ = {isa = PBXBuildFile; fileRef = B451D20D2F24FEF0004C534F /* ExtensionLogger.swift */; };
		B451D20F2F24FEF0004C534F /* ExtensionLogger.swift in Sources */ = {isa = PBXBuildFile; fileRef = B451D20D2F24FEF0004C534F /* ExtensionLogger.swift */; };
		B451D2102F24FEF0004C534F /* ExtensionLogger.swift in Sources */ = {isa = PBXBuildFile; fileRef = B451D20D2F24FEF0004C534F /* ExtensionLogger.swift */; };
		B451D2112F24FEF0004C534F /* ExtensionLogger.swift in Sources */ = {isa = PBXBuildFile; fileRef = B451D20D2F24FEF0004C534F /* ExtensionLogger.swift */; };
		B451D2122F24FEF0004C534F /* ExtensionLogger.swift in Sources */ = {isa = PBXBuildFile; fileRef = B451D20D2F24FEF0004C534F /* ExtensionLogger.swift */; };
		B451D2152F2533E6004C534F /* BlowAwayNotification.swift in Sources */ = {isa = PBXBuildFile; fileRef = B451D2132F2533E6004C534F /* BlowAwayNotification.swift */; };
		B451D2162F2533E6004C534F /* BlowAwayNotification.swift in Sources */ = {isa = PBXBuildFile; fileRef = B451D2132F2533E6004C534F /* BlowAwayNotification.swift */; };
		B451D2172F2533E6004C534F /* BlowAwayNotification.swift in Sources */ = {isa = PBXBuildFile; fileRef = B451D2132F2533E6004C534F /* BlowAwayNotification.swift */; };
		B451D3512F262A74004C534F /* WindCalculator.swift in Sources */ = {isa = PBXBuildFile; fileRef = B451D34F2F262A74004C534F /* WindCalculator.swift */; };
		B451D3522F262A74004C534F /* WindCalculator.swift in Sources */ = {isa = PBXBuildFile; fileRef = B451D34F2F262A74004C534F /* WindCalculator.swift */; };
		B45862152EE5B92C0088CB78 /* Constants.swift in Sources */ = {isa = PBXBuildFile; fileRef = B45862142EE5B92C0088CB78 /* Constants.swift */; };
		B45862162EE5B92C0088CB78 /* Constants.swift in Sources */ = {isa = PBXBuildFile; fileRef = B45862142EE5B92C0088CB78 /* Constants.swift */; };
		B45862172EE5B92C0088CB78 /* Constants.swift in Sources */ = {isa = PBXBuildFile; fileRef = B45862142EE5B92C0088CB78 /* Constants.swift */; };
		B45862252EE5D0A60088CB78 /* Supabase in Frameworks */ = {isa = PBXBuildFile; productRef = B45862242EE5D0A60088CB78 /* Supabase */; };
		B458623C2EE5F6F80088CB78 /* DeviceActivityReport.appex in Embed ExtensionKit Extensions */ = {isa = PBXBuildFile; fileRef = B45862302EE5F6F80088CB78 /* DeviceActivityReport.appex */; settings = {ATTRIBUTES = (RemoveHeadersOnCopy, ); }; };
		B45862432EE5FAF60088CB78 /* ActivityReportContext.swift in Sources */ = {isa = PBXBuildFile; fileRef = B45862422EE5FAF60088CB78 /* ActivityReportContext.swift */; };
		B45862442EE5FAF60088CB78 /* ActivityReportContext.swift in Sources */ = {isa = PBXBuildFile; fileRef = B45862422EE5FAF60088CB78 /* ActivityReportContext.swift */; };
		B46F91272F0EF01C002738FD /* Mood.swift in Sources */ = {isa = PBXBuildFile; fileRef = B46F91262F0EF01C002738FD /* Mood.swift */; };
		B46F91282F0EF01C002738FD /* Mood.swift in Sources */ = {isa = PBXBuildFile; fileRef = B46F91262F0EF01C002738FD /* Mood.swift */; };
		B47A5F2B2F152D850068232C /* FullUsageStats.swift in Sources */ = {isa = PBXBuildFile; fileRef = B47A5F2A2F152D850068232C /* FullUsageStats.swift */; };
		B4924ACC2EE57ED90033475C /* DeviceActivity.framework in Frameworks */ = {isa = PBXBuildFile; fileRef = B4924ACB2EE57ED90033475C /* DeviceActivity.framework */; };
		B4924AD42EE57ED90033475C /* DeviceActivityMonitor.appex in Embed Foundation Extensions */ = {isa = PBXBuildFile; fileRef = B4924AC92EE57ED90033475C /* DeviceActivityMonitor.appex */; settings = {ATTRIBUTES = (RemoveHeadersOnCopy, ); }; };
		B4924AE02EE57EEE0033475C /* ManagedSettings.framework in Frameworks */ = {isa = PBXBuildFile; fileRef = B4924ADF2EE57EEE0033475C /* ManagedSettings.framework */; };
		B4924AE22EE57EEE0033475C /* ManagedSettingsUI.framework in Frameworks */ = {isa = PBXBuildFile; fileRef = B4924AE12EE57EEE0033475C /* ManagedSettingsUI.framework */; };
		B4924AEA2EE57EEE0033475C /* ShieldConfiguration.appex in Embed Foundation Extensions */ = {isa = PBXBuildFile; fileRef = B4924ADE2EE57EEE0033475C /* ShieldConfiguration.appex */; settings = {ATTRIBUTES = (RemoveHeadersOnCopy, ); }; };
		B4924AF72EE5807E0033475C /* SharedDefaults.swift in Sources */ = {isa = PBXBuildFile; fileRef = B4924AF52EE5807E0033475C /* SharedDefaults.swift */; };
		B4924AF92EE5807E0033475C /* SharedDefaults.swift in Sources */ = {isa = PBXBuildFile; fileRef = B4924AF52EE5807E0033475C /* SharedDefaults.swift */; };
		B4924AFB2EE5807E0033475C /* SharedDefaults.swift in Sources */ = {isa = PBXBuildFile; fileRef = B4924AF52EE5807E0033475C /* SharedDefaults.swift */; };
		B493878D2F0E39F40090C730 /* Assets.xcassets in Resources */ = {isa = PBXBuildFile; fileRef = B493878C2F0E39F40090C730 /* Assets.xcassets */; };
		B493878E2F0E39F40090C730 /* Assets.xcassets in Resources */ = {isa = PBXBuildFile; fileRef = B493878C2F0E39F40090C730 /* Assets.xcassets */; };
		B493878F2F0E39F40090C730 /* Assets.xcassets in Resources */ = {isa = PBXBuildFile; fileRef = B493878C2F0E39F40090C730 /* Assets.xcassets */; };
		B49387902F0E39F40090C730 /* Assets.xcassets in Resources */ = {isa = PBXBuildFile; fileRef = B493878C2F0E39F40090C730 /* Assets.xcassets */; };
		B49387912F0E39F40090C730 /* Assets.xcassets in Resources */ = {isa = PBXBuildFile; fileRef = B493878C2F0E39F40090C730 /* Assets.xcassets */; };
		B49387992F0E428B0090C730 /* WindConfig.swift in Sources */ = {isa = PBXBuildFile; fileRef = B49387972F0E428B0090C730 /* WindConfig.swift */; };
		B493879B2F0E428B0090C730 /* WindLevel.swift in Sources */ = {isa = PBXBuildFile; fileRef = B49387952F0E428B0090C730 /* WindLevel.swift */; };
		B493879E2F0E428B0090C730 /* WindConfig.swift in Sources */ = {isa = PBXBuildFile; fileRef = B49387972F0E428B0090C730 /* WindConfig.swift */; };
		B49387A02F0E428B0090C730 /* WindLevel.swift in Sources */ = {isa = PBXBuildFile; fileRef = B49387952F0E428B0090C730 /* WindLevel.swift */; };
		B4ANI1012F0E00010001B001 /* IdleConfig.swift in Sources */ = {isa = PBXBuildFile; fileRef = B4ANI0012F0E00010001B001 /* IdleConfig.swift */; };
		B4ANI1022F0E00010001B002 /* TapAnimationType.swift in Sources */ = {isa = PBXBuildFile; fileRef = B4ANI0022F0E00010001B002 /* TapAnimationType.swift */; };
		B4ANI1032F0E00010001B003 /* TapConfig.swift in Sources */ = {isa = PBXBuildFile; fileRef = B4ANI0032F0E00010001B003 /* TapConfig.swift */; };
		B4ANI2012F0E00010001B001 /* IdleConfig.swift in Sources */ = {isa = PBXBuildFile; fileRef = B4ANI0012F0E00010001B001 /* IdleConfig.swift */; };
		B4ANI2022F0E00010001B002 /* TapAnimationType.swift in Sources */ = {isa = PBXBuildFile; fileRef = B4ANI0022F0E00010001B002 /* TapAnimationType.swift */; };
		B4ANI2032F0E00010001B003 /* TapConfig.swift in Sources */ = {isa = PBXBuildFile; fileRef = B4ANI0032F0E00010001B003 /* TapConfig.swift */; };
		B4C4C0922EE7FECE00E469E8 /* ManagedSettings.framework in Frameworks */ = {isa = PBXBuildFile; fileRef = B4924ADF2EE57EEE0033475C /* ManagedSettings.framework */; };
		B4C4C09A2EE7FECE00E469E8 /* ShieldAction.appex in Embed Foundation Extensions */ = {isa = PBXBuildFile; fileRef = B4C4C0912EE7FECE00E469E8 /* ShieldAction.appex */; settings = {ATTRIBUTES = (RemoveHeadersOnCopy, ); }; };
		B4C4C09F2EE7FEFF00E469E8 /* SharedDefaults.swift in Sources */ = {isa = PBXBuildFile; fileRef = B4924AF52EE5807E0033475C /* SharedDefaults.swift */; };
		B4C4C0A02EE7FF0900E469E8 /* Constants.swift in Sources */ = {isa = PBXBuildFile; fileRef = B45862142EE5B92C0088CB78 /* Constants.swift */; };
		B4D351222F123D620076C09B /* EvolutionHistory.swift in Sources */ = {isa = PBXBuildFile; fileRef = B4D351212F123D620076C09B /* EvolutionHistory.swift */; };
		B4D351232F123D620076C09B /* Essence.swift in Sources */ = {isa = PBXBuildFile; fileRef = B4D351202F123D620076C09B /* Essence.swift */; };
		B4D351262F123DD00076C09B /* StatType.swift in Sources */ = {isa = PBXBuildFile; fileRef = B4D351252F123DD00076C09B /* StatType.swift */; };
		B4D351272F123DD00076C09B /* DailyUsageStat.swift in Sources */ = {isa = PBXBuildFile; fileRef = B4D351242F123DD00076C09B /* DailyUsageStat.swift */; };
		B4ESS2012F0E00010001A001 /* Essence.swift in Sources */ = {isa = PBXBuildFile; fileRef = B4D351202F123D620076C09B /* Essence.swift */; };
		B4EVO1012F0E00010001A001 /* Blob.swift in Sources */ = {isa = PBXBuildFile; fileRef = B4EVO0012F0E00010001A001 /* Blob.swift */; };
		B4EVO1022F0E00010001A002 /* EvolutionPhase.swift in Sources */ = {isa = PBXBuildFile; fileRef = B4EVO0022F0E00010001A002 /* EvolutionPhase.swift */; };
		B4EVO1032F0E00010001A003 /* EvolutionPath.swift in Sources */ = {isa = PBXBuildFile; fileRef = B4EVO0032F0E00010001A003 /* EvolutionPath.swift */; };
		B4EVO1042F0E00010001A004 /* PetDisplayable.swift in Sources */ = {isa = PBXBuildFile; fileRef = B4EVO0042F0E00010001A004 /* PetDisplayable.swift */; };
		B4EVO2012F0E00010001A001 /* Blob.swift in Sources */ = {isa = PBXBuildFile; fileRef = B4EVO0012F0E00010001A001 /* Blob.swift */; };
		B4EVO2022F0E00010001A002 /* EvolutionPhase.swift in Sources */ = {isa = PBXBuildFile; fileRef = B4EVO0022F0E00010001A002 /* EvolutionPhase.swift */; };
		B4EVO2032F0E00010001A003 /* EvolutionPath.swift in Sources */ = {isa = PBXBuildFile; fileRef = B4EVO0032F0E00010001A003 /* EvolutionPath.swift */; };
		B4EVO2042F0E00010001A004 /* PetDisplayable.swift in Sources */ = {isa = PBXBuildFile; fileRef = B4EVO0042F0E00010001A004 /* PetDisplayable.swift */; };
		B4F8F9EB2FEC35C900E9E6D8 /* SharedDefaults.swift in Sources */ = {isa = PBXBuildFile; fileRef = B4924AF52EE5807E0033475C /* SharedDefaults.swift */; };
		B4F8F9EC2FEC35C900E9E6D8 /* Constants.swift in Sources */ = {isa = PBXBuildFile; fileRef = B45862142EE5B92C0088CB78 /* Constants.swift */; };
/* End PBXBuildFile section */

/* Begin PBXContainerItemProxy section */
		B458623A2EE5F6F80088CB78 /* PBXContainerItemProxy */ = {
			isa = PBXContainerItemProxy;
			containerPortal = B4159A2A2EE56ED700BAE49D /* Project object */;
			proxyType = 1;
			remoteGlobalIDString = B458622F2EE5F6F80088CB78;
			remoteInfo = DeviceActivityReport;
		};
		B4924AD22EE57ED90033475C /* PBXContainerItemProxy */ = {
			isa = PBXContainerItemProxy;
			containerPortal = B4159A2A2EE56ED700BAE49D /* Project object */;
			proxyType = 1;
			remoteGlobalIDString = B4924AC82EE57ED90033475C;
			remoteInfo = DeviceActivityMonitor;
		};
		B4924AE82EE57EEE0033475C /* PBXContainerItemProxy */ = {
			isa = PBXContainerItemProxy;
			containerPortal = B4159A2A2EE56ED700BAE49D /* Project object */;
			proxyType = 1;
			remoteGlobalIDString = B4924ADD2EE57EEE0033475C;
			remoteInfo = ShieldConfiguration;
		};
		B4C4C0982EE7FECE00E469E8 /* PBXContainerItemProxy */ = {
			isa = PBXContainerItemProxy;
			containerPortal = B4159A2A2EE56ED700BAE49D /* Project object */;
			proxyType = 1;
			remoteGlobalIDString = B4C4C0902EE7FECE00E469E8;
			remoteInfo = ShieldAction;
		};
/* End PBXContainerItemProxy section */

/* Begin PBXCopyFilesBuildPhase section */
		B45862412EE5F6F80088CB78 /* Embed ExtensionKit Extensions */ = {
			isa = PBXCopyFilesBuildPhase;
			buildActionMask = 2147483647;
			dstPath = "$(EXTENSIONS_FOLDER_PATH)";
			dstSubfolderSpec = 16;
			files = (
				B458623C2EE5F6F80088CB78 /* DeviceActivityReport.appex in Embed ExtensionKit Extensions */,
			);
			name = "Embed ExtensionKit Extensions";
			runOnlyForDeploymentPostprocessing = 0;
		};
		B4924AD52EE57ED90033475C /* Embed Foundation Extensions */ = {
			isa = PBXCopyFilesBuildPhase;
			buildActionMask = 2147483647;
			dstPath = "";
			dstSubfolderSpec = 13;
			files = (
				B4C4C09A2EE7FECE00E469E8 /* ShieldAction.appex in Embed Foundation Extensions */,
				B4924AEA2EE57EEE0033475C /* ShieldConfiguration.appex in Embed Foundation Extensions */,
				B4924AD42EE57ED90033475C /* DeviceActivityMonitor.appex in Embed Foundation Extensions */,
			);
			name = "Embed Foundation Extensions";
			runOnlyForDeploymentPostprocessing = 0;
		};
/* End PBXCopyFilesBuildPhase section */

/* Begin PBXFileReference section */
		B4159A322EE56ED700BAE49D /* Clif.app */ = {isa = PBXFileReference; explicitFileType = wrapper.application; includeInIndex = 0; path = Clif.app; sourceTree = BUILT_PRODUCTS_DIR; };
		B4167E532F1FE2D800D89B36 /* SnapshotEvent.swift */ = {isa = PBXFileReference; lastKnownFileType = sourcecode.swift; path = SnapshotEvent.swift; sourceTree = "<group>"; };
		B4167E5B2F1FE73400D89B36 /* SnapshotEventType.swift */ = {isa = PBXFileReference; lastKnownFileType = sourcecode.swift; path = SnapshotEventType.swift; sourceTree = "<group>"; };
		B4167E5E2F1FEF4E00D89B36 /* SnapshotStore.swift */ = {isa = PBXFileReference; lastKnownFileType = sourcecode.swift; path = SnapshotStore.swift; sourceTree = "<group>"; };
		B4167E642F1FF93800D89B36 /* SnapshotLogging.swift */ = {isa = PBXFileReference; lastKnownFileType = sourcecode.swift; path = SnapshotLogging.swift; sourceTree = "<group>"; };
		B451D20D2F24FEF0004C534F /* ExtensionLogger.swift */ = {isa = PBXFileReference; lastKnownFileType = sourcecode.swift; path = ExtensionLogger.swift; sourceTree = "<group>"; };
		B451D2132F2533E6004C534F /* BlowAwayNotification.swift */ = {isa = PBXFileReference; lastKnownFileType = sourcecode.swift; path = BlowAwayNotification.swift; sourceTree = "<group>"; };
		B451D34F2F262A74004C534F /* WindCalculator.swift */ = {isa = PBXFileReference; lastKnownFileType = sourcecode.swift; path = WindCalculator.swift; sourceTree = "<group>"; };
		B45862142EE5B92C0088CB78 /* Constants.swift */ = {isa = PBXFileReference; lastKnownFileType = sourcecode.swift; path = Constants.swift; sourceTree = "<group>"; };
		B45862302EE5F6F80088CB78 /* DeviceActivityReport.appex */ = {isa = PBXFileReference; explicitFileType = "wrapper.extensionkit-extension"; includeInIndex = 0; path = DeviceActivityReport.appex; sourceTree = BUILT_PRODUCTS_DIR; };
		B45862422EE5FAF60088CB78 /* ActivityReportContext.swift */ = {isa = PBXFileReference; lastKnownFileType = sourcecode.swift; path = ActivityReportContext.swift; sourceTree = "<group>"; };
		B46F91262F0EF01C002738FD /* Mood.swift */ = {isa = PBXFileReference; lastKnownFileType = sourcecode.swift; path = Mood.swift; sourceTree = "<group>"; };
		B47A5F2A2F152D850068232C /* FullUsageStats.swift */ = {isa = PBXFileReference; lastKnownFileType = sourcecode.swift; path = FullUsageStats.swift; sourceTree = "<group>"; };
		B4924AC92EE57ED90033475C /* DeviceActivityMonitor.appex */ = {isa = PBXFileReference; explicitFileType = "wrapper.app-extension"; includeInIndex = 0; path = DeviceActivityMonitor.appex; sourceTree = BUILT_PRODUCTS_DIR; };
		B4924ACB2EE57ED90033475C /* DeviceActivity.framework */ = {isa = PBXFileReference; lastKnownFileType = wrapper.framework; name = DeviceActivity.framework; path = System/Library/Frameworks/DeviceActivity.framework; sourceTree = SDKROOT; };
		B4924ADE2EE57EEE0033475C /* ShieldConfiguration.appex */ = {isa = PBXFileReference; explicitFileType = "wrapper.app-extension"; includeInIndex = 0; path = ShieldConfiguration.appex; sourceTree = BUILT_PRODUCTS_DIR; };
		B4924ADF2EE57EEE0033475C /* ManagedSettings.framework */ = {isa = PBXFileReference; lastKnownFileType = wrapper.framework; name = ManagedSettings.framework; path = System/Library/Frameworks/ManagedSettings.framework; sourceTree = SDKROOT; };
		B4924AE12EE57EEE0033475C /* ManagedSettingsUI.framework */ = {isa = PBXFileReference; lastKnownFileType = wrapper.framework; name = ManagedSettingsUI.framework; path = Library/Frameworks/ManagedSettingsUI.framework; sourceTree = DEVELOPER_DIR; };
		B4924AF52EE5807E0033475C /* SharedDefaults.swift */ = {isa = PBXFileReference; lastKnownFileType = sourcecode.swift; path = SharedDefaults.swift; sourceTree = "<group>"; };
		B493878C2F0E39F40090C730 /* Assets.xcassets */ = {isa = PBXFileReference; lastKnownFileType = folder.assetcatalog; path = Assets.xcassets; sourceTree = "<group>"; };
		B49387952F0E428B0090C730 /* WindLevel.swift */ = {isa = PBXFileReference; lastKnownFileType = sourcecode.swift; path = WindLevel.swift; sourceTree = "<group>"; };
		B49387972F0E428B0090C730 /* WindConfig.swift */ = {isa = PBXFileReference; lastKnownFileType = sourcecode.swift; path = WindConfig.swift; sourceTree = "<group>"; };
		B4ANI0012F0E00010001B001 /* IdleConfig.swift */ = {isa = PBXFileReference; lastKnownFileType = sourcecode.swift; path = IdleConfig.swift; sourceTree = "<group>"; };
		B4ANI0022F0E00010001B002 /* TapAnimationType.swift */ = {isa = PBXFileReference; lastKnownFileType = sourcecode.swift; path = TapAnimationType.swift; sourceTree = "<group>"; };
		B4ANI0032F0E00010001B003 /* TapConfig.swift */ = {isa = PBXFileReference; lastKnownFileType = sourcecode.swift; path = TapConfig.swift; sourceTree = "<group>"; };
		B4C4C0912EE7FECE00E469E8 /* ShieldAction.appex */ = {isa = PBXFileReference; explicitFileType = "wrapper.app-extension"; includeInIndex = 0; path = ShieldAction.appex; sourceTree = BUILT_PRODUCTS_DIR; };
		B4D351202F123D620076C09B /* Essence.swift */ = {isa = PBXFileReference; lastKnownFileType = sourcecode.swift; path = Essence.swift; sourceTree = "<group>"; };
		B4D351212F123D620076C09B /* EvolutionHistory.swift */ = {isa = PBXFileReference; lastKnownFileType = sourcecode.swift; path = EvolutionHistory.swift; sourceTree = "<group>"; };
		B4D351242F123DD00076C09B /* DailyUsageStat.swift */ = {isa = PBXFileReference; lastKnownFileType = sourcecode.swift; path = DailyUsageStat.swift; sourceTree = "<group>"; };
		B4D351252F123DD00076C09B /* StatType.swift */ = {isa = PBXFileReference; lastKnownFileType = sourcecode.swift; path = StatType.swift; sourceTree = "<group>"; };
		B4EVO0012F0E00010001A001 /* Blob.swift */ = {isa = PBXFileReference; lastKnownFileType = sourcecode.swift; path = Blob.swift; sourceTree = "<group>"; };
		B4EVO0022F0E00010001A002 /* EvolutionPhase.swift */ = {isa = PBXFileReference; lastKnownFileType = sourcecode.swift; path = EvolutionPhase.swift; sourceTree = "<group>"; };
		B4EVO0032F0E00010001A003 /* EvolutionPath.swift */ = {isa = PBXFileReference; lastKnownFileType = sourcecode.swift; path = EvolutionPath.swift; sourceTree = "<group>"; };
		B4EVO0042F0E00010001A004 /* PetDisplayable.swift */ = {isa = PBXFileReference; lastKnownFileType = sourcecode.swift; path = PetDisplayable.swift; sourceTree = "<group>"; };
/* End PBXFileReference section */

/* Begin PBXFileSystemSynchronizedBuildFileExceptionSet section */
		B44706472EE95EAE00174BFB /* Exceptions for "Clif" folder in "Clif" target */ = {
			isa = PBXFileSystemSynchronizedBuildFileExceptionSet;
			membershipExceptions = (
				Info.plist,
			);
			target = B4159A312EE56ED700BAE49D /* Clif */;
		};
		B458623D2EE5F6F80088CB78 /* Exceptions for "DeviceActivityReport" folder in "DeviceActivityReport" target */ = {
			isa = PBXFileSystemSynchronizedBuildFileExceptionSet;
			membershipExceptions = (
				Info.plist,
			);
			target = B458622F2EE5F6F80088CB78 /* DeviceActivityReport */;
		};
		B4924AD82EE57ED90033475C /* Exceptions for "DeviceActivityMonitor" folder in "DeviceActivityMonitor" target */ = {
			isa = PBXFileSystemSynchronizedBuildFileExceptionSet;
			membershipExceptions = (
				Info.plist,
			);
			target = B4924AC82EE57ED90033475C /* DeviceActivityMonitor */;
		};
		B4924AEB2EE57EEE0033475C /* Exceptions for "ShieldConfiguration" folder in "ShieldConfiguration" target */ = {
			isa = PBXFileSystemSynchronizedBuildFileExceptionSet;
			membershipExceptions = (
				Info.plist,
			);
			target = B4924ADD2EE57EEE0033475C /* ShieldConfiguration */;
		};
		B4C4C09B2EE7FECE00E469E8 /* Exceptions for "ShieldAction" folder in "ShieldAction" target */ = {
			isa = PBXFileSystemSynchronizedBuildFileExceptionSet;
			membershipExceptions = (
				Info.plist,
			);
			target = B4C4C0902EE7FECE00E469E8 /* ShieldAction */;
		};
/* End PBXFileSystemSynchronizedBuildFileExceptionSet section */

/* Begin PBXFileSystemSynchronizedRootGroup section */
		B4159A342EE56ED700BAE49D /* Clif */ = {
			isa = PBXFileSystemSynchronizedRootGroup;
			exceptions = (
				B44706472EE95EAE00174BFB /* Exceptions for "Clif" folder in "Clif" target */,
			);
			path = Clif;
			sourceTree = "<group>";
		};
		B45862312EE5F6F80088CB78 /* DeviceActivityReport */ = {
			isa = PBXFileSystemSynchronizedRootGroup;
			exceptions = (
				B458623D2EE5F6F80088CB78 /* Exceptions for "DeviceActivityReport" folder in "DeviceActivityReport" target */,
			);
			path = DeviceActivityReport;
			sourceTree = "<group>";
		};
		B4924ACD2EE57ED90033475C /* DeviceActivityMonitor */ = {
			isa = PBXFileSystemSynchronizedRootGroup;
			exceptions = (
				B4924AD82EE57ED90033475C /* Exceptions for "DeviceActivityMonitor" folder in "DeviceActivityMonitor" target */,
			);
			path = DeviceActivityMonitor;
			sourceTree = "<group>";
		};
		B4924AE32EE57EEE0033475C /* ShieldConfiguration */ = {
			isa = PBXFileSystemSynchronizedRootGroup;
			exceptions = (
				B4924AEB2EE57EEE0033475C /* Exceptions for "ShieldConfiguration" folder in "ShieldConfiguration" target */,
			);
			path = ShieldConfiguration;
			sourceTree = "<group>";
		};
		B4C4C0932EE7FECE00E469E8 /* ShieldAction */ = {
			isa = PBXFileSystemSynchronizedRootGroup;
			exceptions = (
				B4C4C09B2EE7FECE00E469E8 /* Exceptions for "ShieldAction" folder in "ShieldAction" target */,
			);
			path = ShieldAction;
			sourceTree = "<group>";
		};
/* End PBXFileSystemSynchronizedRootGroup section */

/* Begin PBXFrameworksBuildPhase section */
		B4159A2F2EE56ED700BAE49D /* Frameworks */ = {
			isa = PBXFrameworksBuildPhase;
			buildActionMask = 2147483647;
			files = (
				B45862252EE5D0A60088CB78 /* Supabase in Frameworks */,
			);
			runOnlyForDeploymentPostprocessing = 0;
		};
		B458622D2EE5F6F80088CB78 /* Frameworks */ = {
			isa = PBXFrameworksBuildPhase;
			buildActionMask = 2147483647;
			files = (
			);
			runOnlyForDeploymentPostprocessing = 0;
		};
		B4924AC62EE57ED90033475C /* Frameworks */ = {
			isa = PBXFrameworksBuildPhase;
			buildActionMask = 2147483647;
			files = (
				B4924ACC2EE57ED90033475C /* DeviceActivity.framework in Frameworks */,
			);
			runOnlyForDeploymentPostprocessing = 0;
		};
		B4924ADB2EE57EEE0033475C /* Frameworks */ = {
			isa = PBXFrameworksBuildPhase;
			buildActionMask = 2147483647;
			files = (
				B4924AE02EE57EEE0033475C /* ManagedSettings.framework in Frameworks */,
				B4924AE22EE57EEE0033475C /* ManagedSettingsUI.framework in Frameworks */,
			);
			runOnlyForDeploymentPostprocessing = 0;
		};
		B4C4C08E2EE7FECE00E469E8 /* Frameworks */ = {
			isa = PBXFrameworksBuildPhase;
			buildActionMask = 2147483647;
			files = (
				B4C4C0922EE7FECE00E469E8 /* ManagedSettings.framework in Frameworks */,
			);
			runOnlyForDeploymentPostprocessing = 0;
		};
/* End PBXFrameworksBuildPhase section */

/* Begin PBXGroup section */
		B4159A292EE56ED700BAE49D = {
			isa = PBXGroup;
			children = (
				B4924AF62EE5807E0033475C /* Shared */,
				B4159A342EE56ED700BAE49D /* Clif */,
				B4924ACD2EE57ED90033475C /* DeviceActivityMonitor */,
				B4924AE32EE57EEE0033475C /* ShieldConfiguration */,
				B45862312EE5F6F80088CB78 /* DeviceActivityReport */,
				B4C4C0932EE7FECE00E469E8 /* ShieldAction */,
				B4924ACA2EE57ED90033475C /* Frameworks */,
				B4159A332EE56ED700BAE49D /* Products */,
			);
			sourceTree = "<group>";
		};
		B4159A332EE56ED700BAE49D /* Products */ = {
			isa = PBXGroup;
			children = (
				B4159A322EE56ED700BAE49D /* Clif.app */,
				B4924AC92EE57ED90033475C /* DeviceActivityMonitor.appex */,
				B4924ADE2EE57EEE0033475C /* ShieldConfiguration.appex */,
				B45862302EE5F6F80088CB78 /* DeviceActivityReport.appex */,
				B4C4C0912EE7FECE00E469E8 /* ShieldAction.appex */,
			);
			name = Products;
			sourceTree = "<group>";
		};
		B4167E542F1FE2D800D89B36 /* Snapshot */ = {
			isa = PBXGroup;
			children = (
				B4167E5B2F1FE73400D89B36 /* SnapshotEventType.swift */,
				B4167E532F1FE2D800D89B36 /* SnapshotEvent.swift */,
			);
			path = Snapshot;
			sourceTree = "<group>";
		};
		B43998422EE9FCBF0049445F /* Constants */ = {
			isa = PBXGroup;
			children = (
				B45862142EE5B92C0088CB78 /* Constants.swift */,
			);
			path = Constants;
			sourceTree = "<group>";
		};
		B43998432EE9FCC80049445F /* Storage */ = {
			isa = PBXGroup;
			children = (
				B451D20D2F24FEF0004C534F /* ExtensionLogger.swift */,
				B4167E642F1FF93800D89B36 /* SnapshotLogging.swift */,
				B4167E5E2F1FEF4E00D89B36 /* SnapshotStore.swift */,
				B4924AF52EE5807E0033475C /* SharedDefaults.swift */,
			);
			path = Storage;
			sourceTree = "<group>";
		};
		B43998442EE9FCD90049445F /* Reports */ = {
			isa = PBXGroup;
			children = (
				B45862422EE5FAF60088CB78 /* ActivityReportContext.swift */,
			);
			path = Reports;
			sourceTree = "<group>";
		};
		B43998452EE9FCE40049445F /* Models */ = {
			isa = PBXGroup;
			children = (
				B4167E542F1FE2D800D89B36 /* Snapshot */,
				B47A5F2A2F152D850068232C /* FullUsageStats.swift */,
				B4ANI0002F0E00010001B000 /* Animation */,
				B4D351242F123DD00076C09B /* DailyUsageStat.swift */,
				B4D351252F123DD00076C09B /* StatType.swift */,
				B49387962F0E428B0090C730 /* Evolution */,
				B49387972F0E428B0090C730 /* WindConfig.swift */,
			);
			path = Models;
			sourceTree = "<group>";
		};
		B451D2142F2533E6004C534F /* Notifications */ = {
			isa = PBXGroup;
			children = (
				B451D2132F2533E6004C534F /* BlowAwayNotification.swift */,
			);
			path = Notifications;
			sourceTree = "<group>";
		};
		B451D3502F262A74004C534F /* Wind */ = {
			isa = PBXGroup;
			children = (
				B451D34F2F262A74004C534F /* WindCalculator.swift */,
			);
			path = Wind;
			sourceTree = "<group>";
		};
		B4924ACA2EE57ED90033475C /* Frameworks */ = {
			isa = PBXGroup;
			children = (
				B4924ACB2EE57ED90033475C /* DeviceActivity.framework */,
				B4924ADF2EE57EEE0033475C /* ManagedSettings.framework */,
				B4924AE12EE57EEE0033475C /* ManagedSettingsUI.framework */,
			);
			name = Frameworks;
			sourceTree = "<group>";
		};
		B4924AF62EE5807E0033475C /* Shared */ = {
			isa = PBXGroup;
			children = (
				B451D3502F262A74004C534F /* Wind */,
				B451D2142F2533E6004C534F /* Notifications */,
				B43998442EE9FCD90049445F /* Reports */,
				B43998452EE9FCE40049445F /* Models */,
				B43998432EE9FCC80049445F /* Storage */,
				B43998422EE9FCBF0049445F /* Constants */,
				B493878C2F0E39F40090C730 /* Assets.xcassets */,
			);
			path = Shared;
			sourceTree = "<group>";
		};
		B49387962F0E428B0090C730 /* Evolution */ = {
			isa = PBXGroup;
			children = (
				B4EVO0012F0E00010001A001 /* Blob.swift */,
				B4D351202F123D620076C09B /* Essence.swift */,
				B4D351212F123D620076C09B /* EvolutionHistory.swift */,
				B4EVO0022F0E00010001A002 /* EvolutionPhase.swift */,
				B4EVO0032F0E00010001A003 /* EvolutionPath.swift */,
				B46F91262F0EF01C002738FD /* Mood.swift */,
				B4EVO0042F0E00010001A004 /* PetDisplayable.swift */,
				B49387952F0E428B0090C730 /* WindLevel.swift */,
			);
			path = Evolution;
			sourceTree = "<group>";
		};
		B4ANI0002F0E00010001B000 /* Animation */ = {
			isa = PBXGroup;
			children = (
				B4ANI0012F0E00010001B001 /* IdleConfig.swift */,
				B4ANI0022F0E00010001B002 /* TapAnimationType.swift */,
				B4ANI0032F0E00010001B003 /* TapConfig.swift */,
			);
			path = Animation;
			sourceTree = "<group>";
		};
/* End PBXGroup section */

/* Begin PBXNativeTarget section */
		B4159A312EE56ED700BAE49D /* Clif */ = {
			isa = PBXNativeTarget;
			buildConfigurationList = B4159A3D2EE56ED800BAE49D /* Build configuration list for PBXNativeTarget "Clif" */;
			buildPhases = (
				B4159A2E2EE56ED700BAE49D /* Sources */,
				B4159A2F2EE56ED700BAE49D /* Frameworks */,
				B4159A302EE56ED700BAE49D /* Resources */,
				B4924AD52EE57ED90033475C /* Embed Foundation Extensions */,
				B45862412EE5F6F80088CB78 /* Embed ExtensionKit Extensions */,
			);
			buildRules = (
			);
			dependencies = (
				B4924AD32EE57ED90033475C /* PBXTargetDependency */,
				B4924AE92EE57EEE0033475C /* PBXTargetDependency */,
				B458623B2EE5F6F80088CB78 /* PBXTargetDependency */,
				B4C4C0992EE7FECE00E469E8 /* PBXTargetDependency */,
			);
			fileSystemSynchronizedGroups = (
				B4159A342EE56ED700BAE49D /* Clif */,
			);
			name = Clif;
			packageProductDependencies = (
				B45862242EE5D0A60088CB78 /* Supabase */,
			);
			productName = Clif;
			productReference = B4159A322EE56ED700BAE49D /* Clif.app */;
			productType = "com.apple.product-type.application";
		};
		B458622F2EE5F6F80088CB78 /* DeviceActivityReport */ = {
			isa = PBXNativeTarget;
			buildConfigurationList = B458623E2EE5F6F80088CB78 /* Build configuration list for PBXNativeTarget "DeviceActivityReport" */;
			buildPhases = (
				B458622C2EE5F6F80088CB78 /* Sources */,
				B458622D2EE5F6F80088CB78 /* Frameworks */,
				B458622E2EE5F6F80088CB78 /* Resources */,
			);
			buildRules = (
			);
			dependencies = (
			);
			fileSystemSynchronizedGroups = (
				B45862312EE5F6F80088CB78 /* DeviceActivityReport */,
			);
			name = DeviceActivityReport;
			packageProductDependencies = (
			);
			productName = DeviceActivityReport;
			productReference = B45862302EE5F6F80088CB78 /* DeviceActivityReport.appex */;
			productType = "com.apple.product-type.extensionkit-extension";
		};
		B4924AC82EE57ED90033475C /* DeviceActivityMonitor */ = {
			isa = PBXNativeTarget;
			buildConfigurationList = B4924AD92EE57ED90033475C /* Build configuration list for PBXNativeTarget "DeviceActivityMonitor" */;
			buildPhases = (
				B4924AC52EE57ED90033475C /* Sources */,
				B4924AC62EE57ED90033475C /* Frameworks */,
				B4924AC72EE57ED90033475C /* Resources */,
			);
			buildRules = (
			);
			dependencies = (
			);
			fileSystemSynchronizedGroups = (
				B4924ACD2EE57ED90033475C /* DeviceActivityMonitor */,
			);
			name = DeviceActivityMonitor;
			packageProductDependencies = (
			);
			productName = DeviceActivityMonitor;
			productReference = B4924AC92EE57ED90033475C /* DeviceActivityMonitor.appex */;
			productType = "com.apple.product-type.app-extension";
		};
		B4924ADD2EE57EEE0033475C /* ShieldConfiguration */ = {
			isa = PBXNativeTarget;
			buildConfigurationList = B4924AEC2EE57EEE0033475C /* Build configuration list for PBXNativeTarget "ShieldConfiguration" */;
			buildPhases = (
				B4924ADA2EE57EEE0033475C /* Sources */,
				B4924ADB2EE57EEE0033475C /* Frameworks */,
				B4924ADC2EE57EEE0033475C /* Resources */,
			);
			buildRules = (
			);
			dependencies = (
			);
			fileSystemSynchronizedGroups = (
				B4924AE32EE57EEE0033475C /* ShieldConfiguration */,
			);
			name = ShieldConfiguration;
			packageProductDependencies = (
			);
			productName = ShieldConfiguration;
			productReference = B4924ADE2EE57EEE0033475C /* ShieldConfiguration.appex */;
			productType = "com.apple.product-type.app-extension";
		};
		B4C4C0902EE7FECE00E469E8 /* ShieldAction */ = {
			isa = PBXNativeTarget;
			buildConfigurationList = B4C4C09C2EE7FECE00E469E8 /* Build configuration list for PBXNativeTarget "ShieldAction" */;
			buildPhases = (
				B4C4C08D2EE7FECE00E469E8 /* Sources */,
				B4C4C08E2EE7FECE00E469E8 /* Frameworks */,
				B4C4C08F2EE7FECE00E469E8 /* Resources */,
			);
			buildRules = (
			);
			dependencies = (
			);
			fileSystemSynchronizedGroups = (
				B4C4C0932EE7FECE00E469E8 /* ShieldAction */,
			);
			name = ShieldAction;
			packageProductDependencies = (
			);
			productName = ShieldAction;
			productReference = B4C4C0912EE7FECE00E469E8 /* ShieldAction.appex */;
			productType = "com.apple.product-type.app-extension";
		};
/* End PBXNativeTarget section */

/* Begin PBXProject section */
		B4159A2A2EE56ED700BAE49D /* Project object */ = {
			isa = PBXProject;
			attributes = {
				BuildIndependentTargetsInParallel = 1;
				LastSwiftUpdateCheck = 2610;
				LastUpgradeCheck = 2610;
				TargetAttributes = {
					B4159A312EE56ED700BAE49D = {
						CreatedOnToolsVersion = 26.1;
					};
					B458622F2EE5F6F80088CB78 = {
						CreatedOnToolsVersion = 26.1;
					};
					B4924AC82EE57ED90033475C = {
						CreatedOnToolsVersion = 26.1;
					};
					B4924ADD2EE57EEE0033475C = {
						CreatedOnToolsVersion = 26.1;
					};
					B4C4C0902EE7FECE00E469E8 = {
						CreatedOnToolsVersion = 26.1;
					};
				};
			};
			buildConfigurationList = B4159A2D2EE56ED700BAE49D /* Build configuration list for PBXProject "Clif" */;
			developmentRegion = en;
			hasScannedForEncodings = 0;
			knownRegions = (
				en,
				Base,
			);
			mainGroup = B4159A292EE56ED700BAE49D;
			minimizedProjectReferenceProxies = 1;
			packageReferences = (
				B45862232EE5D0A60088CB78 /* XCRemoteSwiftPackageReference "supabase-swift" */,
			);
			preferredProjectObjectVersion = 77;
			productRefGroup = B4159A332EE56ED700BAE49D /* Products */;
			projectDirPath = "";
			projectRoot = "";
			targets = (
				B4159A312EE56ED700BAE49D /* Clif */,
				B4924AC82EE57ED90033475C /* DeviceActivityMonitor */,
				B4924ADD2EE57EEE0033475C /* ShieldConfiguration */,
				B458622F2EE5F6F80088CB78 /* DeviceActivityReport */,
				B4C4C0902EE7FECE00E469E8 /* ShieldAction */,
			);
		};
/* End PBXProject section */

/* Begin PBXResourcesBuildPhase section */
		B4159A302EE56ED700BAE49D /* Resources */ = {
			isa = PBXResourcesBuildPhase;
			buildActionMask = 2147483647;
			files = (
				B49387912F0E39F40090C730 /* Assets.xcassets in Resources */,
			);
			runOnlyForDeploymentPostprocessing = 0;
		};
		B458622E2EE5F6F80088CB78 /* Resources */ = {
			isa = PBXResourcesBuildPhase;
			buildActionMask = 2147483647;
			files = (
				B493878E2F0E39F40090C730 /* Assets.xcassets in Resources */,
			);
			runOnlyForDeploymentPostprocessing = 0;
		};
		B4924AC72EE57ED90033475C /* Resources */ = {
			isa = PBXResourcesBuildPhase;
			buildActionMask = 2147483647;
			files = (
				B493878D2F0E39F40090C730 /* Assets.xcassets in Resources */,
			);
			runOnlyForDeploymentPostprocessing = 0;
		};
		B4924ADC2EE57EEE0033475C /* Resources */ = {
			isa = PBXResourcesBuildPhase;
			buildActionMask = 2147483647;
			files = (
				B49387902F0E39F40090C730 /* Assets.xcassets in Resources */,
			);
			runOnlyForDeploymentPostprocessing = 0;
		};
		B4C4C08F2EE7FECE00E469E8 /* Resources */ = {
			isa = PBXResourcesBuildPhase;
			buildActionMask = 2147483647;
			files = (
				B493878F2F0E39F40090C730 /* Assets.xcassets in Resources */,
			);
			runOnlyForDeploymentPostprocessing = 0;
		};
/* End PBXResourcesBuildPhase section */

/* Begin PBXSourcesBuildPhase section */
		B4159A2E2EE56ED700BAE49D /* Sources */ = {
			isa = PBXSourcesBuildPhase;
			buildActionMask = 2147483647;
			files = (
				B4167E5D2F1FE73400D89B36 /* SnapshotEventType.swift in Sources */,
				B4167E5F2F1FEF4E00D89B36 /* SnapshotStore.swift in Sources */,
				B4167E652F1FF93800D89B36 /* SnapshotLogging.swift in Sources */,
				B4167E582F1FE2D800D89B36 /* SnapshotEvent.swift in Sources */,
				B451D2172F2533E6004C534F /* BlowAwayNotification.swift in Sources */,
				B4924AFB2EE5807E0033475C /* SharedDefaults.swift in Sources */,
				B4D351262F123DD00076C09B /* StatType.swift in Sources */,
				B4D351272F123DD00076C09B /* DailyUsageStat.swift in Sources */,
				B451D3522F262A74004C534F /* WindCalculator.swift in Sources */,
				B4D351222F123D620076C09B /* EvolutionHistory.swift in Sources */,
				B4D351232F123D620076C09B /* Essence.swift in Sources */,
				B45862442EE5FAF60088CB78 /* ActivityReportContext.swift in Sources */,
				B493879E2F0E428B0090C730 /* WindConfig.swift in Sources */,
				B49387A02F0E428B0090C730 /* WindLevel.swift in Sources */,
				B45862162EE5B92C0088CB78 /* Constants.swift in Sources */,
				B46F91272F0EF01C002738FD /* Mood.swift in Sources */,
				B4EVO1012F0E00010001A001 /* Blob.swift in Sources */,
				B4EVO1022F0E00010001A002 /* EvolutionPhase.swift in Sources */,
				B47A5F2B2F152D850068232C /* FullUsageStats.swift in Sources */,
				B4EVO1032F0E00010001A003 /* EvolutionPath.swift in Sources */,
				B4EVO1042F0E00010001A004 /* PetDisplayable.swift in Sources */,
				B4ANI1012F0E00010001B001 /* IdleConfig.swift in Sources */,
				B451D2102F24FEF0004C534F /* ExtensionLogger.swift in Sources */,
				B4ANI1022F0E00010001B002 /* TapAnimationType.swift in Sources */,
				B4ANI1032F0E00010001B003 /* TapConfig.swift in Sources */,
			);
			runOnlyForDeploymentPostprocessing = 0;
		};
		B458622C2EE5F6F80088CB78 /* Sources */ = {
			isa = PBXSourcesBuildPhase;
			buildActionMask = 2147483647;
			files = (
				B4F8F9EC2FEC35C900E9E6D8 /* Constants.swift in Sources */,
				B451D20C2F24C78E004C534F /* WindLevel.swift in Sources */,
				B451D20E2F24FEF0004C534F /* ExtensionLogger.swift in Sources */,
				B4F8F9EB2FEC35C900E9E6D8 /* SharedDefaults.swift in Sources */,
				B45862432EE5FAF60088CB78 /* ActivityReportContext.swift in Sources */,
			);
			runOnlyForDeploymentPostprocessing = 0;
		};
		B4924AC52EE57ED90033475C /* Sources */ = {
			isa = PBXSourcesBuildPhase;
			buildActionMask = 2147483647;
			files = (
				B4924AF92EE5807E0033475C /* SharedDefaults.swift in Sources */,
				B45862172EE5B92C0088CB78 /* Constants.swift in Sources */,
				B4167E552F1FE2D800D89B36 /* SnapshotEvent.swift in Sources */,
				B451D3512F262A74004C534F /* WindCalculator.swift in Sources */,
				B451D20B2F24C78E004C534F /* WindLevel.swift in Sources */,
				B451D2162F2533E6004C534F /* BlowAwayNotification.swift in Sources */,
				B451D2112F24FEF0004C534F /* ExtensionLogger.swift in Sources */,
				B4167E5C2F1FE73400D89B36 /* SnapshotEventType.swift in Sources */,
				B4167E602F1FEF4E00D89B36 /* SnapshotStore.swift in Sources */,
			);
			runOnlyForDeploymentPostprocessing = 0;
		};
		B4924ADA2EE57EEE0033475C /* Sources */ = {
			isa = PBXSourcesBuildPhase;
			buildActionMask = 2147483647;
			files = (
				B46F91282F0EF01C002738FD /* Mood.swift in Sources */,
				B4924AF72EE5807E0033475C /* SharedDefaults.swift in Sources */,
				B49387992F0E428B0090C730 /* WindConfig.swift in Sources */,
				B493879B2F0E428B0090C730 /* WindLevel.swift in Sources */,
				B45862152EE5B92C0088CB78 /* Constants.swift in Sources */,
				B4EVO2012F0E00010001A001 /* Blob.swift in Sources */,
				B4EVO2022F0E00010001A002 /* EvolutionPhase.swift in Sources */,
				B4EVO2032F0E00010001A003 /* EvolutionPath.swift in Sources */,
				B451D2122F24FEF0004C534F /* ExtensionLogger.swift in Sources */,
				B4EVO2042F0E00010001A004 /* PetDisplayable.swift in Sources */,
				B4ESS2012F0E00010001A001 /* Essence.swift in Sources */,
				B4ANI2012F0E00010001B001 /* IdleConfig.swift in Sources */,
				B4ANI2022F0E00010001B002 /* TapAnimationType.swift in Sources */,
				B4ANI2032F0E00010001B003 /* TapConfig.swift in Sources */,
			);
			runOnlyForDeploymentPostprocessing = 0;
		};
		B4C4C08D2EE7FECE00E469E8 /* Sources */ = {
			isa = PBXSourcesBuildPhase;
			buildActionMask = 2147483647;
			files = (
				B4C4C09F2EE7FEFF00E469E8 /* SharedDefaults.swift in Sources */,
				B4C4C0A02EE7FF0900E469E8 /* Constants.swift in Sources */,
				B4167E612F1FF91200D89B36 /* SnapshotEventType.swift in Sources */,
				B451D20A2F24C74F004C534F /* WindLevel.swift in Sources */,
				B451D2152F2533E6004C534F /* BlowAwayNotification.swift in Sources */,
				B451D20F2F24FEF0004C534F /* ExtensionLogger.swift in Sources */,
				B4167E622F1FF91800D89B36 /* SnapshotEvent.swift in Sources */,
				B4167E632F1FF92500D89B36 /* SnapshotStore.swift in Sources */,
			);
			runOnlyForDeploymentPostprocessing = 0;
		};
/* End PBXSourcesBuildPhase section */

/* Begin PBXTargetDependency section */
		B458623B2EE5F6F80088CB78 /* PBXTargetDependency */ = {
			isa = PBXTargetDependency;
			target = B458622F2EE5F6F80088CB78 /* DeviceActivityReport */;
			targetProxy = B458623A2EE5F6F80088CB78 /* PBXContainerItemProxy */;
		};
		B4924AD32EE57ED90033475C /* PBXTargetDependency */ = {
			isa = PBXTargetDependency;
			target = B4924AC82EE57ED90033475C /* DeviceActivityMonitor */;
			targetProxy = B4924AD22EE57ED90033475C /* PBXContainerItemProxy */;
		};
		B4924AE92EE57EEE0033475C /* PBXTargetDependency */ = {
			isa = PBXTargetDependency;
			target = B4924ADD2EE57EEE0033475C /* ShieldConfiguration */;
			targetProxy = B4924AE82EE57EEE0033475C /* PBXContainerItemProxy */;
		};
		B4C4C0992EE7FECE00E469E8 /* PBXTargetDependency */ = {
			isa = PBXTargetDependency;
			target = B4C4C0902EE7FECE00E469E8 /* ShieldAction */;
			targetProxy = B4C4C0982EE7FECE00E469E8 /* PBXContainerItemProxy */;
		};
/* End PBXTargetDependency section */

/* Begin XCBuildConfiguration section */
		B4159A3B2EE56ED800BAE49D /* Debug */ = {
			isa = XCBuildConfiguration;
			buildSettings = {
				ALWAYS_SEARCH_USER_PATHS = NO;
				ASSETCATALOG_COMPILER_GENERATE_SWIFT_ASSET_SYMBOL_EXTENSIONS = YES;
				CLANG_ANALYZER_NONNULL = YES;
				CLANG_ANALYZER_NUMBER_OBJECT_CONVERSION = YES_AGGRESSIVE;
				CLANG_CXX_LANGUAGE_STANDARD = "gnu++20";
				CLANG_ENABLE_MODULES = YES;
				CLANG_ENABLE_OBJC_ARC = YES;
				CLANG_ENABLE_OBJC_WEAK = YES;
				CLANG_WARN_BLOCK_CAPTURE_AUTORELEASING = YES;
				CLANG_WARN_BOOL_CONVERSION = YES;
				CLANG_WARN_COMMA = YES;
				CLANG_WARN_CONSTANT_CONVERSION = YES;
				CLANG_WARN_DEPRECATED_OBJC_IMPLEMENTATIONS = YES;
				CLANG_WARN_DIRECT_OBJC_ISA_USAGE = YES_ERROR;
				CLANG_WARN_DOCUMENTATION_COMMENTS = YES;
				CLANG_WARN_EMPTY_BODY = YES;
				CLANG_WARN_ENUM_CONVERSION = YES;
				CLANG_WARN_INFINITE_RECURSION = YES;
				CLANG_WARN_INT_CONVERSION = YES;
				CLANG_WARN_NON_LITERAL_NULL_CONVERSION = YES;
				CLANG_WARN_OBJC_IMPLICIT_RETAIN_SELF = YES;
				CLANG_WARN_OBJC_LITERAL_CONVERSION = YES;
				CLANG_WARN_OBJC_ROOT_CLASS = YES_ERROR;
				CLANG_WARN_QUOTED_INCLUDE_IN_FRAMEWORK_HEADER = YES;
				CLANG_WARN_RANGE_LOOP_ANALYSIS = YES;
				CLANG_WARN_STRICT_PROTOTYPES = YES;
				CLANG_WARN_SUSPICIOUS_MOVE = YES;
				CLANG_WARN_UNGUARDED_AVAILABILITY = YES_AGGRESSIVE;
				CLANG_WARN_UNREACHABLE_CODE = YES;
				CLANG_WARN__DUPLICATE_METHOD_MATCH = YES;
				CODE_SIGN_ALLOW_ENTITLEMENTS_MODIFICATION = YES;
				COPY_PHASE_STRIP = NO;
				DEBUG_INFORMATION_FORMAT = dwarf;
				DEVELOPMENT_TEAM = NS75N22AKL;
				ENABLE_STRICT_OBJC_MSGSEND = YES;
				ENABLE_TESTABILITY = YES;
				ENABLE_USER_SCRIPT_SANDBOXING = YES;
				GCC_C_LANGUAGE_STANDARD = gnu17;
				GCC_DYNAMIC_NO_PIC = NO;
				GCC_NO_COMMON_BLOCKS = YES;
				GCC_OPTIMIZATION_LEVEL = 0;
				GCC_PREPROCESSOR_DEFINITIONS = (
					"DEBUG=1",
					"$(inherited)",
				);
				GCC_WARN_64_TO_32_BIT_CONVERSION = YES;
				GCC_WARN_ABOUT_RETURN_TYPE = YES_ERROR;
				GCC_WARN_UNDECLARED_SELECTOR = YES;
				GCC_WARN_UNINITIALIZED_AUTOS = YES_AGGRESSIVE;
				GCC_WARN_UNUSED_FUNCTION = YES;
				GCC_WARN_UNUSED_VARIABLE = YES;
				LOCALIZATION_PREFERS_STRING_CATALOGS = YES;
				MTL_ENABLE_DEBUG_INFO = INCLUDE_SOURCE;
				MTL_FAST_MATH = YES;
				ONLY_ACTIVE_ARCH = YES;
				SWIFT_ACTIVE_COMPILATION_CONDITIONS = "DEBUG $(inherited)";
				SWIFT_OPTIMIZATION_LEVEL = "-Onone";
			};
			name = Debug;
		};
		B4159A3C2EE56ED800BAE49D /* Release */ = {
			isa = XCBuildConfiguration;
			buildSettings = {
				ALWAYS_SEARCH_USER_PATHS = NO;
				ASSETCATALOG_COMPILER_GENERATE_SWIFT_ASSET_SYMBOL_EXTENSIONS = YES;
				CLANG_ANALYZER_NONNULL = YES;
				CLANG_ANALYZER_NUMBER_OBJECT_CONVERSION = YES_AGGRESSIVE;
				CLANG_CXX_LANGUAGE_STANDARD = "gnu++20";
				CLANG_ENABLE_MODULES = YES;
				CLANG_ENABLE_OBJC_ARC = YES;
				CLANG_ENABLE_OBJC_WEAK = YES;
				CLANG_WARN_BLOCK_CAPTURE_AUTORELEASING = YES;
				CLANG_WARN_BOOL_CONVERSION = YES;
				CLANG_WARN_COMMA = YES;
				CLANG_WARN_CONSTANT_CONVERSION = YES;
				CLANG_WARN_DEPRECATED_OBJC_IMPLEMENTATIONS = YES;
				CLANG_WARN_DIRECT_OBJC_ISA_USAGE = YES_ERROR;
				CLANG_WARN_DOCUMENTATION_COMMENTS = YES;
				CLANG_WARN_EMPTY_BODY = YES;
				CLANG_WARN_ENUM_CONVERSION = YES;
				CLANG_WARN_INFINITE_RECURSION = YES;
				CLANG_WARN_INT_CONVERSION = YES;
				CLANG_WARN_NON_LITERAL_NULL_CONVERSION = YES;
				CLANG_WARN_OBJC_IMPLICIT_RETAIN_SELF = YES;
				CLANG_WARN_OBJC_LITERAL_CONVERSION = YES;
				CLANG_WARN_OBJC_ROOT_CLASS = YES_ERROR;
				CLANG_WARN_QUOTED_INCLUDE_IN_FRAMEWORK_HEADER = YES;
				CLANG_WARN_RANGE_LOOP_ANALYSIS = YES;
				CLANG_WARN_STRICT_PROTOTYPES = YES;
				CLANG_WARN_SUSPICIOUS_MOVE = YES;
				CLANG_WARN_UNGUARDED_AVAILABILITY = YES_AGGRESSIVE;
				CLANG_WARN_UNREACHABLE_CODE = YES;
				CLANG_WARN__DUPLICATE_METHOD_MATCH = YES;
				CODE_SIGN_ALLOW_ENTITLEMENTS_MODIFICATION = YES;
				COPY_PHASE_STRIP = NO;
				DEBUG_INFORMATION_FORMAT = "dwarf-with-dsym";
				DEVELOPMENT_TEAM = NS75N22AKL;
				ENABLE_NS_ASSERTIONS = NO;
				ENABLE_STRICT_OBJC_MSGSEND = YES;
				ENABLE_USER_SCRIPT_SANDBOXING = YES;
				GCC_C_LANGUAGE_STANDARD = gnu17;
				GCC_NO_COMMON_BLOCKS = YES;
				GCC_WARN_64_TO_32_BIT_CONVERSION = YES;
				GCC_WARN_ABOUT_RETURN_TYPE = YES_ERROR;
				GCC_WARN_UNDECLARED_SELECTOR = YES;
				GCC_WARN_UNINITIALIZED_AUTOS = YES_AGGRESSIVE;
				GCC_WARN_UNUSED_FUNCTION = YES;
				GCC_WARN_UNUSED_VARIABLE = YES;
				LOCALIZATION_PREFERS_STRING_CATALOGS = YES;
				MTL_ENABLE_DEBUG_INFO = NO;
				MTL_FAST_MATH = YES;
				SWIFT_COMPILATION_MODE = wholemodule;
			};
			name = Release;
		};
		B4159A3E2EE56ED800BAE49D /* Debug */ = {
			isa = XCBuildConfiguration;
			buildSettings = {
				ASSETCATALOG_COMPILER_APPICON_NAME = AppIcon;
				ASSETCATALOG_COMPILER_GLOBAL_ACCENT_COLOR_NAME = AccentColor;
				CODE_SIGN_ENTITLEMENTS = Clif/Clif.entitlements;
				CODE_SIGN_IDENTITY = "Apple Development";
				CODE_SIGN_STYLE = Automatic;
				CURRENT_PROJECT_VERSION = 1;
				DEVELOPMENT_TEAM = NS75N22AKL;
				ENABLE_APP_SANDBOX = YES;
				ENABLE_HARDENED_RUNTIME = YES;
				ENABLE_PREVIEWS = YES;
				ENABLE_USER_SELECTED_FILES = readonly;
				GENERATE_INFOPLIST_FILE = YES;
				INFOPLIST_FILE = Clif/Info.plist;
				INFOPLIST_KEY_CFBundleDisplayName = Clif;
				INFOPLIST_KEY_LSApplicationCategoryType = "public.app-category.productivity";
				"INFOPLIST_KEY_UIApplicationSceneManifest_Generation[sdk=iphoneos*]" = YES;
				"INFOPLIST_KEY_UIApplicationSceneManifest_Generation[sdk=iphonesimulator*]" = YES;
				"INFOPLIST_KEY_UIApplicationSupportsIndirectInputEvents[sdk=iphoneos*]" = YES;
				"INFOPLIST_KEY_UIApplicationSupportsIndirectInputEvents[sdk=iphonesimulator*]" = YES;
				"INFOPLIST_KEY_UILaunchScreen_Generation[sdk=iphoneos*]" = YES;
				"INFOPLIST_KEY_UILaunchScreen_Generation[sdk=iphonesimulator*]" = YES;
				"INFOPLIST_KEY_UIStatusBarStyle[sdk=iphoneos*]" = UIStatusBarStyleDefault;
				"INFOPLIST_KEY_UIStatusBarStyle[sdk=iphonesimulator*]" = UIStatusBarStyleDefault;
				INFOPLIST_KEY_UISupportedInterfaceOrientations_iPad = "UIInterfaceOrientationPortrait UIInterfaceOrientationPortraitUpsideDown UIInterfaceOrientationLandscapeLeft UIInterfaceOrientationLandscapeRight";
				INFOPLIST_KEY_UISupportedInterfaceOrientations_iPhone = "UIInterfaceOrientationPortrait UIInterfaceOrientationLandscapeLeft UIInterfaceOrientationLandscapeRight";
				IPHONEOS_DEPLOYMENT_TARGET = 18.0;
				LD_RUNPATH_SEARCH_PATHS = "@executable_path/Frameworks";
				"LD_RUNPATH_SEARCH_PATHS[sdk=macosx*]" = "@executable_path/../Frameworks";
				MACOSX_DEPLOYMENT_TARGET = 15.7;
				MARKETING_VERSION = 1.0;
				PRODUCT_BUNDLE_IDENTIFIER = com.janpodmolik.Clif;
				PRODUCT_NAME = "$(TARGET_NAME)";
				PROVISIONING_PROFILE_SPECIFIER = "";
				REGISTER_APP_GROUPS = YES;
				SDKROOT = auto;
				STRING_CATALOG_GENERATE_SYMBOLS = YES;
				SUPPORTED_PLATFORMS = "iphoneos iphonesimulator";
				SUPPORTS_MACCATALYST = NO;
				SWIFT_APPROACHABLE_CONCURRENCY = YES;
				SWIFT_DEFAULT_ACTOR_ISOLATION = MainActor;
				SWIFT_EMIT_LOC_STRINGS = YES;
				SWIFT_UPCOMING_FEATURE_MEMBER_IMPORT_VISIBILITY = YES;
				SWIFT_VERSION = 5.0;
				TARGETED_DEVICE_FAMILY = 1;
				XROS_DEPLOYMENT_TARGET = 26.1;
			};
			name = Debug;
		};
		B4159A3F2EE56ED800BAE49D /* Release */ = {
			isa = XCBuildConfiguration;
			buildSettings = {
				ASSETCATALOG_COMPILER_APPICON_NAME = AppIcon;
				ASSETCATALOG_COMPILER_GLOBAL_ACCENT_COLOR_NAME = AccentColor;
				CODE_SIGN_ENTITLEMENTS = Clif/Clif.entitlements;
				CODE_SIGN_IDENTITY = "Apple Development";
				CODE_SIGN_STYLE = Automatic;
				CURRENT_PROJECT_VERSION = 1;
				DEVELOPMENT_TEAM = NS75N22AKL;
				ENABLE_APP_SANDBOX = YES;
				ENABLE_HARDENED_RUNTIME = YES;
				ENABLE_PREVIEWS = YES;
				ENABLE_USER_SELECTED_FILES = readonly;
				GENERATE_INFOPLIST_FILE = YES;
				INFOPLIST_FILE = Clif/Info.plist;
				INFOPLIST_KEY_CFBundleDisplayName = Clif;
				INFOPLIST_KEY_LSApplicationCategoryType = "public.app-category.productivity";
				"INFOPLIST_KEY_UIApplicationSceneManifest_Generation[sdk=iphoneos*]" = YES;
				"INFOPLIST_KEY_UIApplicationSceneManifest_Generation[sdk=iphonesimulator*]" = YES;
				"INFOPLIST_KEY_UIApplicationSupportsIndirectInputEvents[sdk=iphoneos*]" = YES;
				"INFOPLIST_KEY_UIApplicationSupportsIndirectInputEvents[sdk=iphonesimulator*]" = YES;
				"INFOPLIST_KEY_UILaunchScreen_Generation[sdk=iphoneos*]" = YES;
				"INFOPLIST_KEY_UILaunchScreen_Generation[sdk=iphonesimulator*]" = YES;
				"INFOPLIST_KEY_UIStatusBarStyle[sdk=iphoneos*]" = UIStatusBarStyleDefault;
				"INFOPLIST_KEY_UIStatusBarStyle[sdk=iphonesimulator*]" = UIStatusBarStyleDefault;
				INFOPLIST_KEY_UISupportedInterfaceOrientations_iPad = "UIInterfaceOrientationPortrait UIInterfaceOrientationPortraitUpsideDown UIInterfaceOrientationLandscapeLeft UIInterfaceOrientationLandscapeRight";
				INFOPLIST_KEY_UISupportedInterfaceOrientations_iPhone = "UIInterfaceOrientationPortrait UIInterfaceOrientationLandscapeLeft UIInterfaceOrientationLandscapeRight";
				IPHONEOS_DEPLOYMENT_TARGET = 18.0;
				LD_RUNPATH_SEARCH_PATHS = "@executable_path/Frameworks";
				"LD_RUNPATH_SEARCH_PATHS[sdk=macosx*]" = "@executable_path/../Frameworks";
				MACOSX_DEPLOYMENT_TARGET = 15.7;
				MARKETING_VERSION = 1.0;
				PRODUCT_BUNDLE_IDENTIFIER = com.janpodmolik.Clif;
				PRODUCT_NAME = "$(TARGET_NAME)";
				PROVISIONING_PROFILE_SPECIFIER = "";
				REGISTER_APP_GROUPS = YES;
				SDKROOT = auto;
				STRING_CATALOG_GENERATE_SYMBOLS = YES;
				SUPPORTED_PLATFORMS = "iphoneos iphonesimulator";
				SUPPORTS_MACCATALYST = NO;
				SWIFT_APPROACHABLE_CONCURRENCY = YES;
				SWIFT_DEFAULT_ACTOR_ISOLATION = MainActor;
				SWIFT_EMIT_LOC_STRINGS = YES;
				SWIFT_UPCOMING_FEATURE_MEMBER_IMPORT_VISIBILITY = YES;
				SWIFT_VERSION = 5.0;
				TARGETED_DEVICE_FAMILY = 1;
				XROS_DEPLOYMENT_TARGET = 26.1;
			};
			name = Release;
		};
		B458623F2EE5F6F80088CB78 /* Debug */ = {
			isa = XCBuildConfiguration;
			buildSettings = {
				CODE_SIGN_ENTITLEMENTS = DeviceActivityReport/DeviceActivityReport.entitlements;
				CODE_SIGN_IDENTITY = "Apple Development";
				CODE_SIGN_STYLE = Automatic;
				CURRENT_PROJECT_VERSION = 1;
				DEVELOPMENT_TEAM = NS75N22AKL;
				GENERATE_INFOPLIST_FILE = YES;
				INFOPLIST_FILE = DeviceActivityReport/Info.plist;
				INFOPLIST_KEY_CFBundleDisplayName = DeviceActivityReport;
				INFOPLIST_KEY_NSHumanReadableCopyright = "";
				IPHONEOS_DEPLOYMENT_TARGET = 18.0;
				LD_RUNPATH_SEARCH_PATHS = (
					"$(inherited)",
					"@executable_path/Frameworks",
					"@executable_path/../../Frameworks",
				);
				MARKETING_VERSION = 1.0;
				PRODUCT_BUNDLE_IDENTIFIER = com.janpodmolik.Clif.DeviceActivityReport;
				PRODUCT_NAME = "$(TARGET_NAME)";
				PROVISIONING_PROFILE_SPECIFIER = "";
				SDKROOT = iphoneos;
				SKIP_INSTALL = YES;
				STRING_CATALOG_GENERATE_SYMBOLS = YES;
				SUPPORTED_PLATFORMS = "iphoneos iphonesimulator";
				SUPPORTS_MACCATALYST = NO;
				SUPPORTS_MAC_DESIGNED_FOR_IPHONE_IPAD = NO;
				SUPPORTS_XR_DESIGNED_FOR_IPHONE_IPAD = NO;
				SWIFT_APPROACHABLE_CONCURRENCY = YES;
				SWIFT_EMIT_LOC_STRINGS = YES;
				SWIFT_UPCOMING_FEATURE_MEMBER_IMPORT_VISIBILITY = YES;
				SWIFT_VERSION = 5.0;
				TARGETED_DEVICE_FAMILY = 1;
			};
			name = Debug;
		};
		B45862402EE5F6F80088CB78 /* Release */ = {
			isa = XCBuildConfiguration;
			buildSettings = {
				CODE_SIGN_ENTITLEMENTS = DeviceActivityReport/DeviceActivityReport.entitlements;
				CODE_SIGN_IDENTITY = "Apple Development";
				CODE_SIGN_STYLE = Automatic;
				CURRENT_PROJECT_VERSION = 1;
				DEVELOPMENT_TEAM = NS75N22AKL;
				GENERATE_INFOPLIST_FILE = YES;
				INFOPLIST_FILE = DeviceActivityReport/Info.plist;
				INFOPLIST_KEY_CFBundleDisplayName = DeviceActivityReport;
				INFOPLIST_KEY_NSHumanReadableCopyright = "";
				IPHONEOS_DEPLOYMENT_TARGET = 18.0;
				LD_RUNPATH_SEARCH_PATHS = (
					"$(inherited)",
					"@executable_path/Frameworks",
					"@executable_path/../../Frameworks",
				);
				MARKETING_VERSION = 1.0;
				PRODUCT_BUNDLE_IDENTIFIER = com.janpodmolik.Clif.DeviceActivityReport;
				PRODUCT_NAME = "$(TARGET_NAME)";
				PROVISIONING_PROFILE_SPECIFIER = "";
				SDKROOT = iphoneos;
				SKIP_INSTALL = YES;
				STRING_CATALOG_GENERATE_SYMBOLS = YES;
				SUPPORTED_PLATFORMS = "iphoneos iphonesimulator";
				SUPPORTS_MACCATALYST = NO;
				SUPPORTS_MAC_DESIGNED_FOR_IPHONE_IPAD = NO;
				SUPPORTS_XR_DESIGNED_FOR_IPHONE_IPAD = NO;
				SWIFT_APPROACHABLE_CONCURRENCY = YES;
				SWIFT_EMIT_LOC_STRINGS = YES;
				SWIFT_UPCOMING_FEATURE_MEMBER_IMPORT_VISIBILITY = YES;
				SWIFT_VERSION = 5.0;
				TARGETED_DEVICE_FAMILY = 1;
				VALIDATE_PRODUCT = YES;
			};
			name = Release;
		};
		B4924AD62EE57ED90033475C /* Debug */ = {
			isa = XCBuildConfiguration;
			buildSettings = {
				CODE_SIGN_ENTITLEMENTS = DeviceActivityMonitor/DeviceActivityMonitor.entitlements;
				CODE_SIGN_IDENTITY = "Apple Development";
				CODE_SIGN_STYLE = Automatic;
				CURRENT_PROJECT_VERSION = 1;
				DEVELOPMENT_TEAM = NS75N22AKL;
				GENERATE_INFOPLIST_FILE = YES;
				INFOPLIST_FILE = DeviceActivityMonitor/Info.plist;
				INFOPLIST_KEY_CFBundleDisplayName = DeviceActivityMonitor;
				INFOPLIST_KEY_NSHumanReadableCopyright = "";
				IPHONEOS_DEPLOYMENT_TARGET = 18.0;
				LD_RUNPATH_SEARCH_PATHS = (
					"$(inherited)",
					"@executable_path/Frameworks",
					"@executable_path/../../Frameworks",
				);
				MARKETING_VERSION = 1.0;
				PRODUCT_BUNDLE_IDENTIFIER = com.janpodmolik.Clif.DeviceActivityMonitor;
				PRODUCT_NAME = "$(TARGET_NAME)";
				PROVISIONING_PROFILE_SPECIFIER = "";
				SDKROOT = iphoneos;
				SKIP_INSTALL = YES;
				STRING_CATALOG_GENERATE_SYMBOLS = YES;
				SUPPORTED_PLATFORMS = "iphoneos iphonesimulator";
				SUPPORTS_MACCATALYST = NO;
				SUPPORTS_MAC_DESIGNED_FOR_IPHONE_IPAD = NO;
				SUPPORTS_XR_DESIGNED_FOR_IPHONE_IPAD = NO;
				SWIFT_APPROACHABLE_CONCURRENCY = YES;
				SWIFT_EMIT_LOC_STRINGS = YES;
				SWIFT_UPCOMING_FEATURE_MEMBER_IMPORT_VISIBILITY = YES;
				SWIFT_VERSION = 5.0;
				TARGETED_DEVICE_FAMILY = 1;
			};
			name = Debug;
		};
		B4924AD72EE57ED90033475C /* Release */ = {
			isa = XCBuildConfiguration;
			buildSettings = {
				CODE_SIGN_ENTITLEMENTS = DeviceActivityMonitor/DeviceActivityMonitor.entitlements;
				CODE_SIGN_IDENTITY = "Apple Development";
				CODE_SIGN_STYLE = Automatic;
				CURRENT_PROJECT_VERSION = 1;
				DEVELOPMENT_TEAM = NS75N22AKL;
				GENERATE_INFOPLIST_FILE = YES;
				INFOPLIST_FILE = DeviceActivityMonitor/Info.plist;
				INFOPLIST_KEY_CFBundleDisplayName = DeviceActivityMonitor;
				INFOPLIST_KEY_NSHumanReadableCopyright = "";
				IPHONEOS_DEPLOYMENT_TARGET = 18.0;
				LD_RUNPATH_SEARCH_PATHS = (
					"$(inherited)",
					"@executable_path/Frameworks",
					"@executable_path/../../Frameworks",
				);
				MARKETING_VERSION = 1.0;
				PRODUCT_BUNDLE_IDENTIFIER = com.janpodmolik.Clif.DeviceActivityMonitor;
				PRODUCT_NAME = "$(TARGET_NAME)";
				PROVISIONING_PROFILE_SPECIFIER = "";
				SDKROOT = iphoneos;
				SKIP_INSTALL = YES;
				STRING_CATALOG_GENERATE_SYMBOLS = YES;
				SUPPORTED_PLATFORMS = "iphoneos iphonesimulator";
				SUPPORTS_MACCATALYST = NO;
				SUPPORTS_MAC_DESIGNED_FOR_IPHONE_IPAD = NO;
				SUPPORTS_XR_DESIGNED_FOR_IPHONE_IPAD = NO;
				SWIFT_APPROACHABLE_CONCURRENCY = YES;
				SWIFT_EMIT_LOC_STRINGS = YES;
				SWIFT_UPCOMING_FEATURE_MEMBER_IMPORT_VISIBILITY = YES;
				SWIFT_VERSION = 5.0;
				TARGETED_DEVICE_FAMILY = 1;
				VALIDATE_PRODUCT = YES;
			};
			name = Release;
		};
		B4924AED2EE57EEE0033475C /* Debug */ = {
			isa = XCBuildConfiguration;
			buildSettings = {
				CODE_SIGN_ENTITLEMENTS = ShieldConfiguration/ShieldConfiguration.entitlements;
				CODE_SIGN_IDENTITY = "Apple Development";
				CODE_SIGN_STYLE = Automatic;
				CURRENT_PROJECT_VERSION = 1;
				DEVELOPMENT_TEAM = NS75N22AKL;
				GENERATE_INFOPLIST_FILE = YES;
				INFOPLIST_FILE = ShieldConfiguration/Info.plist;
				INFOPLIST_KEY_CFBundleDisplayName = ShieldConfiguration;
				INFOPLIST_KEY_NSHumanReadableCopyright = "";
				IPHONEOS_DEPLOYMENT_TARGET = 18.0;
				LD_RUNPATH_SEARCH_PATHS = (
					"$(inherited)",
					"@executable_path/Frameworks",
					"@executable_path/../../Frameworks",
				);
				MARKETING_VERSION = 1.0;
				PRODUCT_BUNDLE_IDENTIFIER = com.janpodmolik.Clif.ShieldConfiguration;
				PRODUCT_NAME = "$(TARGET_NAME)";
				PROVISIONING_PROFILE_SPECIFIER = "";
				SDKROOT = iphoneos;
				SKIP_INSTALL = YES;
				STRING_CATALOG_GENERATE_SYMBOLS = YES;
				SUPPORTED_PLATFORMS = "iphoneos iphonesimulator";
				SUPPORTS_MACCATALYST = NO;
				SUPPORTS_MAC_DESIGNED_FOR_IPHONE_IPAD = NO;
				SUPPORTS_XR_DESIGNED_FOR_IPHONE_IPAD = NO;
				SWIFT_APPROACHABLE_CONCURRENCY = YES;
				SWIFT_EMIT_LOC_STRINGS = YES;
				SWIFT_UPCOMING_FEATURE_MEMBER_IMPORT_VISIBILITY = YES;
				SWIFT_VERSION = 5.0;
				TARGETED_DEVICE_FAMILY = 1;
			};
			name = Debug;
		};
		B4924AEE2EE57EEE0033475C /* Release */ = {
			isa = XCBuildConfiguration;
			buildSettings = {
				CODE_SIGN_ENTITLEMENTS = ShieldConfiguration/ShieldConfiguration.entitlements;
				CODE_SIGN_IDENTITY = "Apple Development";
				CODE_SIGN_STYLE = Automatic;
				CURRENT_PROJECT_VERSION = 1;
				DEVELOPMENT_TEAM = NS75N22AKL;
				GENERATE_INFOPLIST_FILE = YES;
				INFOPLIST_FILE = ShieldConfiguration/Info.plist;
				INFOPLIST_KEY_CFBundleDisplayName = ShieldConfiguration;
				INFOPLIST_KEY_NSHumanReadableCopyright = "";
				IPHONEOS_DEPLOYMENT_TARGET = 18.0;
				LD_RUNPATH_SEARCH_PATHS = (
					"$(inherited)",
					"@executable_path/Frameworks",
					"@executable_path/../../Frameworks",
				);
				MARKETING_VERSION = 1.0;
				PRODUCT_BUNDLE_IDENTIFIER = com.janpodmolik.Clif.ShieldConfiguration;
				PRODUCT_NAME = "$(TARGET_NAME)";
				PROVISIONING_PROFILE_SPECIFIER = "";
				SDKROOT = iphoneos;
				SKIP_INSTALL = YES;
				STRING_CATALOG_GENERATE_SYMBOLS = YES;
				SUPPORTED_PLATFORMS = "iphoneos iphonesimulator";
				SUPPORTS_MACCATALYST = NO;
				SUPPORTS_MAC_DESIGNED_FOR_IPHONE_IPAD = NO;
				SUPPORTS_XR_DESIGNED_FOR_IPHONE_IPAD = NO;
				SWIFT_APPROACHABLE_CONCURRENCY = YES;
				SWIFT_EMIT_LOC_STRINGS = YES;
				SWIFT_UPCOMING_FEATURE_MEMBER_IMPORT_VISIBILITY = YES;
				SWIFT_VERSION = 5.0;
				TARGETED_DEVICE_FAMILY = 1;
				VALIDATE_PRODUCT = YES;
			};
			name = Release;
		};
		B4C4C09D2EE7FECE00E469E8 /* Debug */ = {
			isa = XCBuildConfiguration;
			buildSettings = {
				CODE_SIGN_ENTITLEMENTS = ShieldAction/ShieldAction.entitlements;
				CODE_SIGN_IDENTITY = "Apple Development";
				CODE_SIGN_STYLE = Automatic;
				CURRENT_PROJECT_VERSION = 1;
				DEVELOPMENT_TEAM = NS75N22AKL;
				GENERATE_INFOPLIST_FILE = YES;
				INFOPLIST_FILE = ShieldAction/Info.plist;
				INFOPLIST_KEY_CFBundleDisplayName = ShieldAction;
				INFOPLIST_KEY_NSHumanReadableCopyright = "";
				IPHONEOS_DEPLOYMENT_TARGET = 18.0;
				LD_RUNPATH_SEARCH_PATHS = (
					"$(inherited)",
					"@executable_path/Frameworks",
					"@executable_path/../../Frameworks",
				);
				MARKETING_VERSION = 1.0;
				PRODUCT_BUNDLE_IDENTIFIER = com.janpodmolik.Clif.ShieldAction;
				PRODUCT_NAME = "$(TARGET_NAME)";
				SDKROOT = iphoneos;
				SKIP_INSTALL = YES;
				STRING_CATALOG_GENERATE_SYMBOLS = YES;
				SWIFT_APPROACHABLE_CONCURRENCY = YES;
				SWIFT_EMIT_LOC_STRINGS = YES;
				SWIFT_UPCOMING_FEATURE_MEMBER_IMPORT_VISIBILITY = YES;
				SWIFT_VERSION = 5.0;
				TARGETED_DEVICE_FAMILY = "1,2";
			};
			name = Debug;
		};
		B4C4C09E2EE7FECE00E469E8 /* Release */ = {
			isa = XCBuildConfiguration;
			buildSettings = {
				CODE_SIGN_ENTITLEMENTS = ShieldAction/ShieldAction.entitlements;
				CODE_SIGN_IDENTITY = "Apple Development";
				CODE_SIGN_STYLE = Automatic;
				CURRENT_PROJECT_VERSION = 1;
				DEVELOPMENT_TEAM = NS75N22AKL;
				GENERATE_INFOPLIST_FILE = YES;
				INFOPLIST_FILE = ShieldAction/Info.plist;
				INFOPLIST_KEY_CFBundleDisplayName = ShieldAction;
				INFOPLIST_KEY_NSHumanReadableCopyright = "";
				IPHONEOS_DEPLOYMENT_TARGET = 18.0;
				LD_RUNPATH_SEARCH_PATHS = (
					"$(inherited)",
					"@executable_path/Frameworks",
					"@executable_path/../../Frameworks",
				);
				MARKETING_VERSION = 1.0;
				PRODUCT_BUNDLE_IDENTIFIER = com.janpodmolik.Clif.ShieldAction;
				PRODUCT_NAME = "$(TARGET_NAME)";
				SDKROOT = iphoneos;
				SKIP_INSTALL = YES;
				STRING_CATALOG_GENERATE_SYMBOLS = YES;
				SWIFT_APPROACHABLE_CONCURRENCY = YES;
				SWIFT_EMIT_LOC_STRINGS = YES;
				SWIFT_UPCOMING_FEATURE_MEMBER_IMPORT_VISIBILITY = YES;
				SWIFT_VERSION = 5.0;
				TARGETED_DEVICE_FAMILY = "1,2";
				VALIDATE_PRODUCT = YES;
			};
			name = Release;
		};
/* End XCBuildConfiguration section */

/* Begin XCConfigurationList section */
		B4159A2D2EE56ED700BAE49D /* Build configuration list for PBXProject "Clif" */ = {
			isa = XCConfigurationList;
			buildConfigurations = (
				B4159A3B2EE56ED800BAE49D /* Debug */,
				B4159A3C2EE56ED800BAE49D /* Release */,
			);
			defaultConfigurationIsVisible = 0;
			defaultConfigurationName = Release;
		};
		B4159A3D2EE56ED800BAE49D /* Build configuration list for PBXNativeTarget "Clif" */ = {
			isa = XCConfigurationList;
			buildConfigurations = (
				B4159A3E2EE56ED800BAE49D /* Debug */,
				B4159A3F2EE56ED800BAE49D /* Release */,
			);
			defaultConfigurationIsVisible = 0;
			defaultConfigurationName = Release;
		};
		B458623E2EE5F6F80088CB78 /* Build configuration list for PBXNativeTarget "DeviceActivityReport" */ = {
			isa = XCConfigurationList;
			buildConfigurations = (
				B458623F2EE5F6F80088CB78 /* Debug */,
				B45862402EE5F6F80088CB78 /* Release */,
			);
			defaultConfigurationIsVisible = 0;
			defaultConfigurationName = Release;
		};
		B4924AD92EE57ED90033475C /* Build configuration list for PBXNativeTarget "DeviceActivityMonitor" */ = {
			isa = XCConfigurationList;
			buildConfigurations = (
				B4924AD62EE57ED90033475C /* Debug */,
				B4924AD72EE57ED90033475C /* Release */,
			);
			defaultConfigurationIsVisible = 0;
			defaultConfigurationName = Release;
		};
		B4924AEC2EE57EEE0033475C /* Build configuration list for PBXNativeTarget "ShieldConfiguration" */ = {
			isa = XCConfigurationList;
			buildConfigurations = (
				B4924AED2EE57EEE0033475C /* Debug */,
				B4924AEE2EE57EEE0033475C /* Release */,
			);
			defaultConfigurationIsVisible = 0;
			defaultConfigurationName = Release;
		};
		B4C4C09C2EE7FECE00E469E8 /* Build configuration list for PBXNativeTarget "ShieldAction" */ = {
			isa = XCConfigurationList;
			buildConfigurations = (
				B4C4C09D2EE7FECE00E469E8 /* Debug */,
				B4C4C09E2EE7FECE00E469E8 /* Release */,
			);
			defaultConfigurationIsVisible = 0;
			defaultConfigurationName = Release;
		};
/* End XCConfigurationList section */

/* Begin XCRemoteSwiftPackageReference section */
		B45862232EE5D0A60088CB78 /* XCRemoteSwiftPackageReference "supabase-swift" */ = {
			isa = XCRemoteSwiftPackageReference;
			repositoryURL = "https://github.com/supabase/supabase-swift.git";
			requirement = {
				kind = upToNextMajorVersion;
				minimumVersion = 2.5.1;
			};
		};
/* End XCRemoteSwiftPackageReference section */

/* Begin XCSwiftPackageProductDependency section */
		B45862242EE5D0A60088CB78 /* Supabase */ = {
			isa = XCSwiftPackageProductDependency;
			package = B45862232EE5D0A60088CB78 /* XCRemoteSwiftPackageReference "supabase-swift" */;
			productName = Supabase;
		};
/* End XCSwiftPackageProductDependency section */
	};
	rootObject = B4159A2A2EE56ED700BAE49D /* Project object */;
}
